
Microsoft Visual Studio Solution File, Format Version 12.00
# Visual Studio Version 17
VisualStudioVersion = 17.3.32922.545
MinimumVisualStudioVersion = 10.0.40219.1
Project("{9A19103F-16F7-4668-BE54-9A1E7A4F7556}") = "DesafioFuncionalAPI", "DesafioFuncionalAPI.csproj", "{C629177E-4E89-4B3C-A6DC-6B7894397264}"
EndProject
Project("{FAE04EC0-301F-11D3-BF4B-00C04F79EFBC}") = "TesteUnitFuncionalAPI", "..\TesteUnitFuncionalAPI\TesteUnitFuncionalAPI.csproj", "{B183BB22-A376-439F-AB81-8ED21BA59F9F}"
EndProject
Global
	GlobalSection(SolutionConfigurationPlatforms) = preSolution
		Debug|Any CPU = Debug|Any CPU
		Release|Any CPU = Release|Any CPU
	EndGlobalSection
	GlobalSection(ProjectConfigurationPlatforms) = postSolution
		{C629177E-4E89-4B3C-A6DC-6B7894397264}.Debug|Any CPU.ActiveCfg = Debug|Any CPU
		{C629177E-4E89-4B3C-A6DC-6B7894397264}.Debug|Any CPU.Build.0 = Debug|Any CPU
		{C629177E-4E89-4B3C-A6DC-6B7894397264}.Release|Any CPU.ActiveCfg = Release|Any CPU
		{C629177E-4E89-4B3C-A6DC-6B7894397264}.Release|Any CPU.Build.0 = Release|Any CPU
		{B183BB22-A376-439F-AB81-8ED21BA59F9F}.Debug|Any CPU.ActiveCfg = Debug|Any CPU
		{B183BB22-A376-439F-AB81-8ED21BA59F9F}.Debug|Any CPU.Build.0 = Debug|Any CPU
		{B183BB22-A376-439F-AB81-8ED21BA59F9F}.Release|Any CPU.ActiveCfg = Release|Any CPU
		{B183BB22-A376-439F-AB81-8ED21BA59F9F}.Release|Any CPU.Build.0 = Release|Any CPU
	EndGlobalSection
	GlobalSection(SolutionProperties) = preSolution
		HideSolutionNode = FALSE
	EndGlobalSection
	GlobalSection(ExtensibilityGlobals) = postSolution
		SolutionGuid = {4DBCB998-3889-4962-A7E0-0DF7A8786CDE}
	EndGlobalSection
EndGlobal
